
Microsoft Visual Studio Solution File, Format Version 12.00
# Visual Studio Version 17
VisualStudioVersion = 17.9.34728.123
MinimumVisualStudioVersion = 10.0.40219.1
Project("{8BC9CEB8-8B4A-11D0-8D11-00A0C91BC942}") = "SRPXX-v142", "VisualStudio\SRPXX-v142.vcxproj", "{0C29AE1D-DB96-470A-8364-04E60C1EC82D}"
EndProject
Project("{8BC9CEB8-8B4A-11D0-8D11-00A0C91BC942}") = "SRPXX-v143", "VisualStudio\SRPXX-v143.vcxproj", "{A6695DA4-3581-4321-A064-7A75EF189388}"
EndProject
Project("{8BC9CEB8-8B4A-11D0-8D11-00A0C91BC942}") = "SRPXX-Debug", "VisualStudio\SRPXX-Debug.vcxproj", "{2DB2E3E5-5D70-48AA-B568-1159B49E4180}"
EndProject
Project("{8BC9CEB8-8B4A-11D0-8D11-00A0C91BC942}") = "SRPXX-Tests", "VisualStudio\SRPXX-Tests.vcxproj", "{A5B515DE-C717-4C51-87E8-3DFF21B90FA1}"
EndProject
Global
	GlobalSection(SolutionConfigurationPlatforms) = preSolution
		Debug|x64 = Debug|x64
		Debug|x86 = Debug|x86
		Release|x64 = Release|x64
		Release|x86 = Release|x86
	EndGlobalSection
	GlobalSection(ProjectConfigurationPlatforms) = postSolution
		{0C29AE1D-DB96-470A-8364-04E60C1EC82D}.Debug|x64.ActiveCfg = Debug|x64
		{0C29AE1D-DB96-470A-8364-04E60C1EC82D}.Debug|x64.Build.0 = Debug|x64
		{0C29AE1D-DB96-470A-8364-04E60C1EC82D}.Debug|x86.ActiveCfg = Debug|Win32
		{0C29AE1D-DB96-470A-8364-04E60C1EC82D}.Debug|x86.Build.0 = Debug|Win32
		{0C29AE1D-DB96-470A-8364-04E60C1EC82D}.Release|x64.ActiveCfg = Release|x64
		{0C29AE1D-DB96-470A-8364-04E60C1EC82D}.Release|x64.Build.0 = Release|x64
		{0C29AE1D-DB96-470A-8364-04E60C1EC82D}.Release|x86.ActiveCfg = Release|Win32
		{0C29AE1D-DB96-470A-8364-04E60C1EC82D}.Release|x86.Build.0 = Release|Win32
		{A6695DA4-3581-4321-A064-7A75EF189388}.Debug|x64.ActiveCfg = Debug|x64
		{A6695DA4-3581-4321-A064-7A75EF189388}.Debug|x64.Build.0 = Debug|x64
		{A6695DA4-3581-4321-A064-7A75EF189388}.Debug|x86.ActiveCfg = Debug|Win32
		{A6695DA4-3581-4321-A064-7A75EF189388}.Debug|x86.Build.0 = Debug|Win32
		{A6695DA4-3581-4321-A064-7A75EF189388}.Release|x64.ActiveCfg = Release|x64
		{A6695DA4-3581-4321-A064-7A75EF189388}.Release|x64.Build.0 = Release|x64
		{A6695DA4-3581-4321-A064-7A75EF189388}.Release|x86.ActiveCfg = Release|Win32
		{A6695DA4-3581-4321-A064-7A75EF189388}.Release|x86.Build.0 = Release|Win32
		{2DB2E3E5-5D70-48AA-B568-1159B49E4180}.Debug|x64.ActiveCfg = Debug|x64
		{2DB2E3E5-5D70-48AA-B568-1159B49E4180}.Debug|x64.Build.0 = Debug|x64
		{2DB2E3E5-5D70-48AA-B568-1159B49E4180}.Debug|x86.ActiveCfg = Debug|Win32
		{2DB2E3E5-5D70-48AA-B568-1159B49E4180}.Debug|x86.Build.0 = Debug|Win32
		{2DB2E3E5-5D70-48AA-B568-1159B49E4180}.Release|x64.ActiveCfg = Release|x64
		{2DB2E3E5-5D70-48AA-B568-1159B49E4180}.Release|x64.Build.0 = Release|x64
		{2DB2E3E5-5D70-48AA-B568-1159B49E4180}.Release|x86.ActiveCfg = Release|Win32
		{2DB2E3E5-5D70-48AA-B568-1159B49E4180}.Release|x86.Build.0 = Release|Win32
		{A5B515DE-C717-4C51-87E8-3DFF21B90FA1}.Debug|x64.ActiveCfg = Debug|x64
		{A5B515DE-C717-4C51-87E8-3DFF21B90FA1}.Debug|x64.Build.0 = Debug|x64
		{A5B515DE-C717-4C51-87E8-3DFF21B90FA1}.Debug|x86.ActiveCfg = Debug|Win32
		{A5B515DE-C717-4C51-87E8-3DFF21B90FA1}.Debug|x86.Build.0 = Debug|Win32
		{A5B515DE-C717-4C51-87E8-3DFF21B90FA1}.Release|x64.ActiveCfg = Release|x64
		{A5B515DE-C717-4C51-87E8-3DFF21B90FA1}.Release|x64.Build.0 = Release|x64
		{A5B515DE-C717-4C51-87E8-3DFF21B90FA1}.Release|x86.ActiveCfg = Release|Win32
		{A5B515DE-C717-4C51-87E8-3DFF21B90FA1}.Release|x86.Build.0 = Release|Win32
	EndGlobalSection
	GlobalSection(SolutionProperties) = preSolution
		HideSolutionNode = FALSE
	EndGlobalSection
	GlobalSection(ExtensibilityGlobals) = postSolution
		SolutionGuid = {A42BBB2E-1C85-4997-BE3D-DAFB0D71F1D4}
	EndGlobalSection
EndGlobal
