<?xml version="1.0" encoding="utf-8"?>
<Project ToolsVersion="4.0" xmlns="http://schemas.microsoft.com/developer/msbuild/2003">
  <ItemGroup>
    <Filter Include="Source Files">
      <UniqueIdentifier>{4FC737F1-C7A5-4376-A066-2A32D752A2FF}</UniqueIdentifier>
      <Extensions>cpp;c;cc;cxx;c++;cppm;ixx;def;odl;idl;hpj;bat;asm;asmx</Extensions>
    </Filter>
    <Filter Include="Header Files">
      <UniqueIdentifier>{93995380-89BD-4b04-88EB-625FBE52EBFB}</UniqueIdentifier>
      <Extensions>h;hh;hpp;hxx;h++;hm;inl;inc;ipp;xsd</Extensions>
    </Filter>
    <Filter Include="Resource Files">
      <UniqueIdentifier>{67DA6AB6-F800-4c08-8B7A-83BB121AAD01}</UniqueIdentifier>
      <Extensions>rc;ico;cur;bmp;dlg;rc2;rct;bin;rgs;gif;jpg;jpeg;jpe;resx;tiff;tif;png;wav;mfcribbon-ms</Extensions>
    </Filter>
  </ItemGroup>
  <ItemGroup>
    <ClCompile Include="..\SRPXX\source\Base.cpp">
      <Filter>Source Files</Filter>
    </ClCompile>
    <ClCompile Include="..\SRPXX\source\Base64.cpp">
      <Filter>Source Files</Filter>
    </ClCompile>
    <ClCompile Include="..\SRPXX\source\BigNum.cpp">
      <Filter>Source Files</Filter>
    </ClCompile>
    <ClCompile Include="..\SRPXX\source\Client.cpp">
      <Filter>Source Files</Filter>
    </ClCompile>
    <ClCompile Include="..\SRPXX\source\PBKDF2.cpp">
      <Filter>Source Files</Filter>
    </ClCompile>
    <ClCompile Include="..\SRPXX\source\Platform.cpp">
      <Filter>Source Files</Filter>
    </ClCompile>
    <ClCompile Include="..\SRPXX\source\Random.cpp">
      <Filter>Source Files</Filter>
    </ClCompile>
    <ClCompile Include="..\SRPXX\source\Server.cpp">
      <Filter>Source Files</Filter>
    </ClCompile>
    <ClCompile Include="..\SRPXX\source\SHA1.cpp">
      <Filter>Source Files</Filter>
    </ClCompile>
    <ClCompile Include="..\SRPXX\source\SHA224.cpp">
      <Filter>Source Files</Filter>
    </ClCompile>
    <ClCompile Include="..\SRPXX\source\SHA256.cpp">
      <Filter>Source Files</Filter>
    </ClCompile>
    <ClCompile Include="..\SRPXX\source\SHA384.cpp">
      <Filter>Source Files</Filter>
    </ClCompile>
    <ClCompile Include="..\SRPXX\source\SHA512.cpp">
      <Filter>Source Files</Filter>
    </ClCompile>
    <ClCompile Include="..\SRPXX\source\String.cpp">
      <Filter>Source Files</Filter>
    </ClCompile>
  </ItemGroup>
  <ItemGroup>
    <ClInclude Include="..\SRPXX\include\SRPXX\Base.hpp">
      <Filter>Header Files</Filter>
    </ClInclude>
    <ClInclude Include="..\SRPXX\include\SRPXX\Base64.hpp">
      <Filter>Header Files</Filter>
    </ClInclude>
    <ClInclude Include="..\SRPXX\include\SRPXX\BigNum.hpp">
      <Filter>Header Files</Filter>
    </ClInclude>
    <ClInclude Include="..\SRPXX\include\SRPXX\Client.hpp">
      <Filter>Header Files</Filter>
    </ClInclude>
    <ClInclude Include="..\SRPXX\include\SRPXX\HashAlgorithm.hpp">
      <Filter>Header Files</Filter>
    </ClInclude>
    <ClInclude Include="..\SRPXX\include\SRPXX\Hasher.hpp">
      <Filter>Header Files</Filter>
    </ClInclude>
    <ClInclude Include="..\SRPXX\include\SRPXX\Integer.hpp">
      <Filter>Header Files</Filter>
    </ClInclude>
    <ClInclude Include="..\SRPXX\include\SRPXX\PBKDF2.hpp">
      <Filter>Header Files</Filter>
    </ClInclude>
    <ClInclude Include="..\SRPXX\include\SRPXX\Platform.hpp">
      <Filter>Header Files</Filter>
    </ClInclude>
    <ClInclude Include="..\SRPXX\include\SRPXX\Random.hpp">
      <Filter>Header Files</Filter>
    </ClInclude>
    <ClInclude Include="..\SRPXX\include\SRPXX\Server.hpp">
      <Filter>Header Files</Filter>
    </ClInclude>
    <ClInclude Include="..\SRPXX\include\SRPXX\SHA1.hpp">
      <Filter>Header Files</Filter>
    </ClInclude>
    <ClInclude Include="..\SRPXX\include\SRPXX\SHA224.hpp">
      <Filter>Header Files</Filter>
    </ClInclude>
    <ClInclude Include="..\SRPXX\include\SRPXX\SHA256.hpp">
      <Filter>Header Files</Filter>
    </ClInclude>
    <ClInclude Include="..\SRPXX\include\SRPXX\SHA384.hpp">
      <Filter>Header Files</Filter>
    </ClInclude>
    <ClInclude Include="..\SRPXX\include\SRPXX\SHA512.hpp">
      <Filter>Header Files</Filter>
    </ClInclude>
    <ClInclude Include="..\SRPXX\include\SRPXX\String.hpp">
      <Filter>Header Files</Filter>
    </ClInclude>
    <ClInclude Include="..\SRPXX\include\SRPXX.hpp">
      <Filter>Header Files</Filter>
    </ClInclude>
  </ItemGroup>
</Project>