// !$*UTF8*$!
{
	archiveVersion = 1;
	classes = {
	};
	objectVersion = 54;
	objects = {

/* Begin PBXBuildFile section */
		056231412CDFDB8100104F3B /* Base.hpp in Headers */ = {isa = PBXBuildFile; fileRef = 056231402CDFDB7D00104F3B /* Base.hpp */; };
		056231552CDFE15800104F3B /* PBKDF2.cpp in Sources */ = {isa = PBXBuildFile; fileRef = 0562314B2CDFE15800104F3B /* PBKDF2.cpp */; };
		056231562CDFE15800104F3B /* Random.cpp in Sources */ = {isa = PBXBuildFile; fileRef = 0562314D2CDFE15800104F3B /* Random.cpp */; };
		056231572CDFE15800104F3B /* Client.cpp in Sources */ = {isa = PBXBuildFile; fileRef = 0562314A2CDFE15800104F3B /* Client.cpp */; };
		056231582CDFE15800104F3B /* Server.cpp in Sources */ = {isa = PBXBuildFile; fileRef = 0562314E2CDFE15800104F3B /* Server.cpp */; };
		056231592CDFE15800104F3B /* Platform.cpp in Sources */ = {isa = PBXBuildFile; fileRef = 0562314C2CDFE15800104F3B /* Platform.cpp */; };
		0562315A2CDFE15800104F3B /* SHA224.cpp in Sources */ = {isa = PBXBuildFile; fileRef = 056231502CDFE15800104F3B /* SHA224.cpp */; };
		0562315B2CDFE15800104F3B /* Base.cpp in Sources */ = {isa = PBXBuildFile; fileRef = 056231482CDFE15800104F3B /* Base.cpp */; };
		0562315C2CDFE15800104F3B /* SHA1.cpp in Sources */ = {isa = PBXBuildFile; fileRef = 0562314F2CDFE15800104F3B /* SHA1.cpp */; };
		0562315D2CDFE15800104F3B /* SHA384.cpp in Sources */ = {isa = PBXBuildFile; fileRef = 056231522CDFE15800104F3B /* SHA384.cpp */; };
		0562315E2CDFE15800104F3B /* String.cpp in Sources */ = {isa = PBXBuildFile; fileRef = 056231542CDFE15800104F3B /* String.cpp */; };
		0562315F2CDFE15800104F3B /* SHA256.cpp in Sources */ = {isa = PBXBuildFile; fileRef = 056231512CDFE15800104F3B /* SHA256.cpp */; };
		056231602CDFE15800104F3B /* SHA512.cpp in Sources */ = {isa = PBXBuildFile; fileRef = 056231532CDFE15800104F3B /* SHA512.cpp */; };
		056231612CDFE15800104F3B /* BigNum.cpp in Sources */ = {isa = PBXBuildFile; fileRef = 056231492CDFE15800104F3B /* BigNum.cpp */; };
		056231632CDFE4BC00104F3B /* Base.cpp in Sources */ = {isa = PBXBuildFile; fileRef = 056231622CDFE4B900104F3B /* Base.cpp */; };
		0562317B2CE0A2EB00104F3B /* Client.cpp in Sources */ = {isa = PBXBuildFile; fileRef = 0562317A2CE0A2E700104F3B /* Client.cpp */; };
		0562319F2CE1326300104F3B /* Server.cpp in Sources */ = {isa = PBXBuildFile; fileRef = 0562319E2CE1325F00104F3B /* Server.cpp */; };
		056BC7B21B2379D300B21D46 /* libSRPXX.a in Frameworks */ = {isa = PBXBuildFile; fileRef = 056C881218C8B85F006260B3 /* libSRPXX.a */; };
		05818DBE2CDFD3F900001415 /* Platform.hpp in Headers */ = {isa = PBXBuildFile; fileRef = 05818D9D2CDFD3F900001415 /* Platform.hpp */; };
		05818DBF2CDFD3F900001415 /* SHA384.hpp in Headers */ = {isa = PBXBuildFile; fileRef = 05818DA22CDFD3F900001415 /* SHA384.hpp */; };
		05818DC02CDFD3F900001415 /* Integer.hpp in Headers */ = {isa = PBXBuildFile; fileRef = 05818D9B2CDFD3F900001415 /* Integer.hpp */; };
		05818DC12CDFD3F900001415 /* SHA1.hpp in Headers */ = {isa = PBXBuildFile; fileRef = 05818D9F2CDFD3F900001415 /* SHA1.hpp */; };
		05818DC22CDFD3F900001415 /* SHA512.hpp in Headers */ = {isa = PBXBuildFile; fileRef = 05818DA32CDFD3F900001415 /* SHA512.hpp */; };
		05818DC32CDFD3F900001415 /* Hasher.hpp in Headers */ = {isa = PBXBuildFile; fileRef = 05818D9A2CDFD3F900001415 /* Hasher.hpp */; };
		05818DC42CDFD3F900001415 /* SRPXX.hpp in Headers */ = {isa = PBXBuildFile; fileRef = 05818DA62CDFD3F900001415 /* SRPXX.hpp */; };
		05818DC52CDFD3F900001415 /* SHA256.hpp in Headers */ = {isa = PBXBuildFile; fileRef = 05818DA12CDFD3F900001415 /* SHA256.hpp */; };
		05818DC62CDFD3F900001415 /* BigNum.hpp in Headers */ = {isa = PBXBuildFile; fileRef = 05818D992CDFD3F900001415 /* BigNum.hpp */; };
		05818DC72CDFD3F900001415 /* SHA224.hpp in Headers */ = {isa = PBXBuildFile; fileRef = 05818DA02CDFD3F900001415 /* SHA224.hpp */; };
		05818DC82CDFD3F900001415 /* PBKDF2.hpp in Headers */ = {isa = PBXBuildFile; fileRef = 05818D9C2CDFD3F900001415 /* PBKDF2.hpp */; };
		05818DC92CDFD3F900001415 /* Random.hpp in Headers */ = {isa = PBXBuildFile; fileRef = 05818D9E2CDFD3F900001415 /* Random.hpp */; };
		05818DCA2CDFD3F900001415 /* String.hpp in Headers */ = {isa = PBXBuildFile; fileRef = 05818DA42CDFD3F900001415 /* String.hpp */; };
		05818DD72CDFD40300001415 /* Platform.cpp in Sources */ = {isa = PBXBuildFile; fileRef = 05818DCE2CDFD40300001415 /* Platform.cpp */; };
		05818DD82CDFD40300001415 /* SHA512.cpp in Sources */ = {isa = PBXBuildFile; fileRef = 05818DD42CDFD40300001415 /* SHA512.cpp */; };
		05818DD92CDFD40300001415 /* SHA384.cpp in Sources */ = {isa = PBXBuildFile; fileRef = 05818DD32CDFD40300001415 /* SHA384.cpp */; };
		05818DDA2CDFD40300001415 /* Random.cpp in Sources */ = {isa = PBXBuildFile; fileRef = 05818DCF2CDFD40300001415 /* Random.cpp */; };
		05818DDB2CDFD40300001415 /* SHA1.cpp in Sources */ = {isa = PBXBuildFile; fileRef = 05818DD02CDFD40300001415 /* SHA1.cpp */; };
		05818DDC2CDFD40300001415 /* Integer.cpp in Sources */ = {isa = PBXBuildFile; fileRef = 05818DCC2CDFD40300001415 /* Integer.cpp */; };
		05818DDD2CDFD40300001415 /* BigNum.cpp in Sources */ = {isa = PBXBuildFile; fileRef = 05818DCB2CDFD40300001415 /* BigNum.cpp */; };
		05818DDE2CDFD40300001415 /* SHA224.cpp in Sources */ = {isa = PBXBuildFile; fileRef = 05818DD12CDFD40300001415 /* SHA224.cpp */; };
		05818DDF2CDFD40300001415 /* SHA256.cpp in Sources */ = {isa = PBXBuildFile; fileRef = 05818DD22CDFD40300001415 /* SHA256.cpp */; };
		05818DE02CDFD40300001415 /* String.cpp in Sources */ = {isa = PBXBuildFile; fileRef = 05818DD52CDFD40300001415 /* String.cpp */; };
		05818DE12CDFD40300001415 /* PBKDF2.cpp in Sources */ = {isa = PBXBuildFile; fileRef = 05818DCD2CDFD40300001415 /* PBKDF2.cpp */; };
		05818DE52CDFD55500001415 /* XSTest.framework in Frameworks */ = {isa = PBXBuildFile; fileRef = 05818DE42CDFD55500001415 /* XSTest.framework */; };
		05818DE92CDFD63300001415 /* Client.hpp in Headers */ = {isa = PBXBuildFile; fileRef = 05818DE82CDFD62E00001415 /* Client.hpp */; };
		05818DF02CDFD65500001415 /* Server.hpp in Headers */ = {isa = PBXBuildFile; fileRef = 05818DEF2CDFD65200001415 /* Server.hpp */; };
		05818DF42CDFD86A00001415 /* HashAlgorithm.hpp in Headers */ = {isa = PBXBuildFile; fileRef = 05818DF32CDFD85E00001415 /* HashAlgorithm.hpp */; };
		0581C6932CE24C150024687F /* SRP.cpp in Sources */ = {isa = PBXBuildFile; fileRef = 0581C6922CE24C120024687F /* SRP.cpp */; };
		0581C6C42CE294CA0024687F /* Constants.hpp in Sources */ = {isa = PBXBuildFile; fileRef = 0581C6C32CE294C40024687F /* Constants.hpp */; };
		0581C6C72CE296C70024687F /* Constants.cpp in Sources */ = {isa = PBXBuildFile; fileRef = 056231982CE0B57400104F3B /* Constants.cpp */; };
		05ECBB652CE1FEFB007AF82F /* Base64.hpp in Headers */ = {isa = PBXBuildFile; fileRef = 05ECBB642CE1FEF7007AF82F /* Base64.hpp */; };
		05ECBB672CE1FF0C007AF82F /* Base64.cpp in Sources */ = {isa = PBXBuildFile; fileRef = 05ECBB662CE1FF07007AF82F /* Base64.cpp */; };
		05ECBB692CE1FF12007AF82F /* Base64.cpp in Sources */ = {isa = PBXBuildFile; fileRef = 05ECBB682CE1FF10007AF82F /* Base64.cpp */; };
/* End PBXBuildFile section */

/* Begin PBXContainerItemProxy section */
		056C58C61B1898FF00C6214A /* PBXContainerItemProxy */ = {
			isa = PBXContainerItemProxy;
			containerPortal = 056C87C618C8B0F8006260B3 /* Project object */;
			proxyType = 1;
			remoteGlobalIDString = 056C881118C8B85F006260B3;
			remoteInfo = "CF++ Mac Static Library";
		};
		05818DED2CDFD63800001415 /* PBXContainerItemProxy */ = {
			isa = PBXContainerItemProxy;
			containerPortal = 0544CC6922749F32004A2499 /* XSTest.xcodeproj */;
			proxyType = 2;
			remoteGlobalIDString = 05D526E721A864BC0025CCEB;
			remoteInfo = XSTest;
		};
/* End PBXContainerItemProxy section */

/* Begin PBXFileReference section */
		051F09651946EB70004B6E47 /* README.md */ = {isa = PBXFileReference; lastKnownFileType = net.daringfireball.markdown; path = README.md; sourceTree = "<group>"; };
		0544CC6922749F32004A2499 /* XSTest.xcodeproj */ = {isa = PBXFileReference; lastKnownFileType = "wrapper.pb-project"; name = XSTest.xcodeproj; path = Submodules/XSTest/XSTest.xcodeproj; sourceTree = "<group>"; };
		056231402CDFDB7D00104F3B /* Base.hpp */ = {isa = PBXFileReference; lastKnownFileType = sourcecode.cpp.h; path = Base.hpp; sourceTree = "<group>"; };
		056231482CDFE15800104F3B /* Base.cpp */ = {isa = PBXFileReference; lastKnownFileType = sourcecode.cpp.cpp; path = Base.cpp; sourceTree = "<group>"; };
		056231492CDFE15800104F3B /* BigNum.cpp */ = {isa = PBXFileReference; lastKnownFileType = sourcecode.cpp.cpp; path = BigNum.cpp; sourceTree = "<group>"; };
		0562314A2CDFE15800104F3B /* Client.cpp */ = {isa = PBXFileReference; lastKnownFileType = sourcecode.cpp.cpp; path = Client.cpp; sourceTree = "<group>"; };
		0562314B2CDFE15800104F3B /* PBKDF2.cpp */ = {isa = PBXFileReference; lastKnownFileType = sourcecode.cpp.cpp; path = PBKDF2.cpp; sourceTree = "<group>"; };
		0562314C2CDFE15800104F3B /* Platform.cpp */ = {isa = PBXFileReference; lastKnownFileType = sourcecode.cpp.cpp; path = Platform.cpp; sourceTree = "<group>"; };
		0562314D2CDFE15800104F3B /* Random.cpp */ = {isa = PBXFileReference; lastKnownFileType = sourcecode.cpp.cpp; path = Random.cpp; sourceTree = "<group>"; };
		0562314E2CDFE15800104F3B /* Server.cpp */ = {isa = PBXFileReference; lastKnownFileType = sourcecode.cpp.cpp; path = Server.cpp; sourceTree = "<group>"; };
		0562314F2CDFE15800104F3B /* SHA1.cpp */ = {isa = PBXFileReference; lastKnownFileType = sourcecode.cpp.cpp; path = SHA1.cpp; sourceTree = "<group>"; };
		056231502CDFE15800104F3B /* SHA224.cpp */ = {isa = PBXFileReference; lastKnownFileType = sourcecode.cpp.cpp; path = SHA224.cpp; sourceTree = "<group>"; };
		056231512CDFE15800104F3B /* SHA256.cpp */ = {isa = PBXFileReference; lastKnownFileType = sourcecode.cpp.cpp; path = SHA256.cpp; sourceTree = "<group>"; };
		056231522CDFE15800104F3B /* SHA384.cpp */ = {isa = PBXFileReference; lastKnownFileType = sourcecode.cpp.cpp; path = SHA384.cpp; sourceTree = "<group>"; };
		056231532CDFE15800104F3B /* SHA512.cpp */ = {isa = PBXFileReference; lastKnownFileType = sourcecode.cpp.cpp; path = SHA512.cpp; sourceTree = "<group>"; };
		056231542CDFE15800104F3B /* String.cpp */ = {isa = PBXFileReference; lastKnownFileType = sourcecode.cpp.cpp; path = String.cpp; sourceTree = "<group>"; };
		056231622CDFE4B900104F3B /* Base.cpp */ = {isa = PBXFileReference; lastKnownFileType = sourcecode.cpp.cpp; path = Base.cpp; sourceTree = "<group>"; };
		0562317A2CE0A2E700104F3B /* Client.cpp */ = {isa = PBXFileReference; lastKnownFileType = sourcecode.cpp.cpp; path = Client.cpp; sourceTree = "<group>"; };
		056231982CE0B57400104F3B /* Constants.cpp */ = {isa = PBXFileReference; lastKnownFileType = sourcecode.cpp.cpp; path = Constants.cpp; sourceTree = "<group>"; };
		0562319C2CE0F1E500104F3B /* RFC-2945.txt */ = {isa = PBXFileReference; lastKnownFileType = text; path = "RFC-2945.txt"; sourceTree = "<group>"; };
		0562319D2CE0F1E500104F3B /* RFC-5054.txt */ = {isa = PBXFileReference; lastKnownFileType = text; path = "RFC-5054.txt"; sourceTree = "<group>"; };
		0562319E2CE1325F00104F3B /* Server.cpp */ = {isa = PBXFileReference; lastKnownFileType = sourcecode.cpp.cpp; path = Server.cpp; sourceTree = "<group>"; };
		056C58BF1B1898FF00C6214A /* SRPXX-Tests.xctest */ = {isa = PBXFileReference; explicitFileType = wrapper.cfbundle; includeInIndex = 0; path = "SRPXX-Tests.xctest"; sourceTree = BUILT_PRODUCTS_DIR; };
		056C881218C8B85F006260B3 /* libSRPXX.a */ = {isa = PBXFileReference; explicitFileType = archive.ar; includeInIndex = 0; path = libSRPXX.a; sourceTree = BUILT_PRODUCTS_DIR; };
		05818D4F2CDFD2ED00001415 /* CODE_OF_CONDUCT.md */ = {isa = PBXFileReference; lastKnownFileType = net.daringfireball.markdown; path = CODE_OF_CONDUCT.md; sourceTree = "<group>"; };
		05818D502CDFD2ED00001415 /* LICENSE */ = {isa = PBXFileReference; lastKnownFileType = text; path = LICENSE; sourceTree = "<group>"; };
		05818D512CDFD32400001415 /* FUNDING.yml */ = {isa = PBXFileReference; lastKnownFileType = text.yaml; path = FUNDING.yml; sourceTree = "<group>"; };
		05818D532CDFD32400001415 /* C++.xcconfig */ = {isa = PBXFileReference; lastKnownFileType = text.xcconfig; path = "C++.xcconfig"; sourceTree = "<group>"; };
		05818D542CDFD32400001415 /* Modules.xcconfig */ = {isa = PBXFileReference; lastKnownFileType = text.xcconfig; path = Modules.xcconfig; sourceTree = "<group>"; };
		05818D552CDFD32400001415 /* Objective-C.xcconfig */ = {isa = PBXFileReference; lastKnownFileType = text.xcconfig; path = "Objective-C.xcconfig"; sourceTree = "<group>"; };
		05818D572CDFD32400001415 /* All-Languages.xcconfig */ = {isa = PBXFileReference; lastKnownFileType = text.xcconfig; path = "All-Languages.xcconfig"; sourceTree = "<group>"; };
		05818D582CDFD32400001415 /* C++.xcconfig */ = {isa = PBXFileReference; lastKnownFileType = text.xcconfig; path = "C++.xcconfig"; sourceTree = "<group>"; };
		05818D592CDFD32400001415 /* Objective-C.xcconfig */ = {isa = PBXFileReference; lastKnownFileType = text.xcconfig; path = "Objective-C.xcconfig"; sourceTree = "<group>"; };
		05818D5A2CDFD32400001415 /* Objective-C-ARC.xcconfig */ = {isa = PBXFileReference; lastKnownFileType = text.xcconfig; path = "Objective-C-ARC.xcconfig"; sourceTree = "<group>"; };
		05818D5C2CDFD32400001415 /* Address-Sanitizer.xcconfig */ = {isa = PBXFileReference; lastKnownFileType = text.xcconfig; path = "Address-Sanitizer.xcconfig"; sourceTree = "<group>"; };
		05818D5D2CDFD32400001415 /* Code-Generation.xcconfig */ = {isa = PBXFileReference; lastKnownFileType = text.xcconfig; path = "Code-Generation.xcconfig"; sourceTree = "<group>"; };
		05818D5E2CDFD32400001415 /* Language.xcconfig */ = {isa = PBXFileReference; lastKnownFileType = text.xcconfig; path = Language.xcconfig; sourceTree = "<group>"; };
		05818D5F2CDFD32400001415 /* Preprocessing.xcconfig */ = {isa = PBXFileReference; lastKnownFileType = text.xcconfig; path = Preprocessing.xcconfig; sourceTree = "<group>"; };
		05818D602CDFD32400001415 /* Undefined-Behavior-Sanitizer.xcconfig */ = {isa = PBXFileReference; lastKnownFileType = text.xcconfig; path = "Undefined-Behavior-Sanitizer.xcconfig"; sourceTree = "<group>"; };
		05818D612CDFD32400001415 /* Warning-Policies.xcconfig */ = {isa = PBXFileReference; lastKnownFileType = text.xcconfig; path = "Warning-Policies.xcconfig"; sourceTree = "<group>"; };
		05818D622CDFD32400001415 /* Warnings.xcconfig */ = {isa = PBXFileReference; lastKnownFileType = text.xcconfig; path = Warnings.xcconfig; sourceTree = "<group>"; };
		05818D642CDFD32400001415 /* Analysis-Policy.xcconfig */ = {isa = PBXFileReference; lastKnownFileType = text.xcconfig; path = "Analysis-Policy.xcconfig"; sourceTree = "<group>"; };
		05818D652CDFD32400001415 /* Apple-APIs.xcconfig */ = {isa = PBXFileReference; lastKnownFileType = text.xcconfig; path = "Apple-APIs.xcconfig"; sourceTree = "<group>"; };
		05818D662CDFD32400001415 /* Generic-Issues.xcconfig */ = {isa = PBXFileReference; lastKnownFileType = text.xcconfig; path = "Generic-Issues.xcconfig"; sourceTree = "<group>"; };
		05818D672CDFD32400001415 /* Objective-C.xcconfig */ = {isa = PBXFileReference; lastKnownFileType = text.xcconfig; path = "Objective-C.xcconfig"; sourceTree = "<group>"; };
		05818D682CDFD32400001415 /* Security.xcconfig */ = {isa = PBXFileReference; lastKnownFileType = text.xcconfig; path = Security.xcconfig; sourceTree = "<group>"; };
		05818D6A2CDFD32400001415 /* Issues.xcconfig */ = {isa = PBXFileReference; lastKnownFileType = text.xcconfig; path = Issues.xcconfig; sourceTree = "<group>"; };
		05818D6C2CDFD32400001415 /* Code-Generation.xcconfig */ = {isa = PBXFileReference; lastKnownFileType = text.xcconfig; path = "Code-Generation.xcconfig"; sourceTree = "<group>"; };
		05818D6D2CDFD32400001415 /* General.xcconfig */ = {isa = PBXFileReference; lastKnownFileType = text.xcconfig; path = General.xcconfig; sourceTree = "<group>"; };
		05818D6E2CDFD32400001415 /* Language.xcconfig */ = {isa = PBXFileReference; lastKnownFileType = text.xcconfig; path = Language.xcconfig; sourceTree = "<group>"; };
		05818D6F2CDFD32400001415 /* Warnings-Policies.xcconfig */ = {isa = PBXFileReference; lastKnownFileType = text.xcconfig; path = "Warnings-Policies.xcconfig"; sourceTree = "<group>"; };
		05818D712CDFD32400001415 /* Apple-LLVM.xcconfig */ = {isa = PBXFileReference; lastKnownFileType = text.xcconfig; path = "Apple-LLVM.xcconfig"; sourceTree = "<group>"; };
		05818D722CDFD32400001415 /* Architectures.xcconfig */ = {isa = PBXFileReference; lastKnownFileType = text.xcconfig; path = Architectures.xcconfig; sourceTree = "<group>"; };
		05818D732CDFD32400001415 /* Build-Options.xcconfig */ = {isa = PBXFileReference; lastKnownFileType = text.xcconfig; path = "Build-Options.xcconfig"; sourceTree = "<group>"; };
		05818D742CDFD32400001415 /* Deployment.xcconfig */ = {isa = PBXFileReference; lastKnownFileType = text.xcconfig; path = Deployment.xcconfig; sourceTree = "<group>"; };
		05818D752CDFD32400001415 /* Search-Paths.xcconfig */ = {isa = PBXFileReference; lastKnownFileType = text.xcconfig; path = "Search-Paths.xcconfig"; sourceTree = "<group>"; };
		05818D762CDFD32400001415 /* Signing.xcconfig */ = {isa = PBXFileReference; lastKnownFileType = text.xcconfig; path = Signing.xcconfig; sourceTree = "<group>"; };
		05818D772CDFD32400001415 /* Static-Analyzer.xcconfig */ = {isa = PBXFileReference; lastKnownFileType = text.xcconfig; path = "Static-Analyzer.xcconfig"; sourceTree = "<group>"; };
		05818D782CDFD32400001415 /* Swift-Compiler.xcconfig */ = {isa = PBXFileReference; lastKnownFileType = text.xcconfig; path = "Swift-Compiler.xcconfig"; sourceTree = "<group>"; };
		05818D7A2CDFD32400001415 /* ccache.sh */ = {isa = PBXFileReference; lastKnownFileType = text.script.sh; path = ccache.sh; sourceTree = "<group>"; };
		05818D7B2CDFD32400001415 /* ccache-config.sh */ = {isa = PBXFileReference; lastKnownFileType = text.script.sh; path = "ccache-config.sh"; sourceTree = "<group>"; };
		05818D7D2CDFD32400001415 /* .gitignore */ = {isa = PBXFileReference; lastKnownFileType = text; path = .gitignore; sourceTree = "<group>"; };
		05818D7E2CDFD32400001415 /* CODE_OF_CONDUCT.md */ = {isa = PBXFileReference; lastKnownFileType = net.daringfireball.markdown; path = CODE_OF_CONDUCT.md; sourceTree = "<group>"; };
		05818D7F2CDFD32400001415 /* Common.xcconfig */ = {isa = PBXFileReference; lastKnownFileType = text.xcconfig; path = Common.xcconfig; sourceTree = "<group>"; };
		05818D802CDFD32400001415 /* Debug.xcconfig */ = {isa = PBXFileReference; lastKnownFileType = text.xcconfig; path = Debug.xcconfig; sourceTree = "<group>"; };
		05818D812CDFD32400001415 /* Debug - ccache.xcconfig */ = {isa = PBXFileReference; lastKnownFileType = text.xcconfig; path = "Debug - ccache.xcconfig"; sourceTree = "<group>"; };
		05818D822CDFD32400001415 /* Debug - Library.xcconfig */ = {isa = PBXFileReference; lastKnownFileType = text.xcconfig; path = "Debug - Library.xcconfig"; sourceTree = "<group>"; };
		05818D832CDFD32400001415 /* Debug - zld.xcconfig */ = {isa = PBXFileReference; lastKnownFileType = text.xcconfig; path = "Debug - zld.xcconfig"; sourceTree = "<group>"; };
		05818D842CDFD32400001415 /* README.md */ = {isa = PBXFileReference; lastKnownFileType = net.daringfireball.markdown; path = README.md; sourceTree = "<group>"; };
		05818D852CDFD32400001415 /* Release.xcconfig */ = {isa = PBXFileReference; lastKnownFileType = text.xcconfig; path = Release.xcconfig; sourceTree = "<group>"; };
		05818D862CDFD32400001415 /* Release - ccache.xcconfig */ = {isa = PBXFileReference; lastKnownFileType = text.xcconfig; path = "Release - ccache.xcconfig"; sourceTree = "<group>"; };
		05818D872CDFD32400001415 /* Release - Library.xcconfig */ = {isa = PBXFileReference; lastKnownFileType = text.xcconfig; path = "Release - Library.xcconfig"; sourceTree = "<group>"; };
		05818D992CDFD3F900001415 /* BigNum.hpp */ = {isa = PBXFileReference; lastKnownFileType = sourcecode.cpp.h; path = BigNum.hpp; sourceTree = "<group>"; };
		05818D9A2CDFD3F900001415 /* Hasher.hpp */ = {isa = PBXFileReference; lastKnownFileType = sourcecode.cpp.h; path = Hasher.hpp; sourceTree = "<group>"; };
		05818D9B2CDFD3F900001415 /* Integer.hpp */ = {isa = PBXFileReference; lastKnownFileType = sourcecode.cpp.h; path = Integer.hpp; sourceTree = "<group>"; };
		05818D9C2CDFD3F900001415 /* PBKDF2.hpp */ = {isa = PBXFileReference; lastKnownFileType = sourcecode.cpp.h; path = PBKDF2.hpp; sourceTree = "<group>"; };
		05818D9D2CDFD3F900001415 /* Platform.hpp */ = {isa = PBXFileReference; lastKnownFileType = sourcecode.cpp.h; path = Platform.hpp; sourceTree = "<group>"; };
		05818D9E2CDFD3F900001415 /* Random.hpp */ = {isa = PBXFileReference; lastKnownFileType = sourcecode.cpp.h; path = Random.hpp; sourceTree = "<group>"; };
		05818D9F2CDFD3F900001415 /* SHA1.hpp */ = {isa = PBXFileReference; lastKnownFileType = sourcecode.cpp.h; path = SHA1.hpp; sourceTree = "<group>"; };
		05818DA02CDFD3F900001415 /* SHA224.hpp */ = {isa = PBXFileReference; lastKnownFileType = sourcecode.cpp.h; path = SHA224.hpp; sourceTree = "<group>"; };
		05818DA12CDFD3F900001415 /* SHA256.hpp */ = {isa = PBXFileReference; lastKnownFileType = sourcecode.cpp.h; path = SHA256.hpp; sourceTree = "<group>"; };
		05818DA22CDFD3F900001415 /* SHA384.hpp */ = {isa = PBXFileReference; lastKnownFileType = sourcecode.cpp.h; path = SHA384.hpp; sourceTree = "<group>"; };
		05818DA32CDFD3F900001415 /* SHA512.hpp */ = {isa = PBXFileReference; lastKnownFileType = sourcecode.cpp.h; path = SHA512.hpp; sourceTree = "<group>"; };
		05818DA42CDFD3F900001415 /* String.hpp */ = {isa = PBXFileReference; lastKnownFileType = sourcecode.cpp.h; path = String.hpp; sourceTree = "<group>"; };
		05818DA62CDFD3F900001415 /* SRPXX.hpp */ = {isa = PBXFileReference; lastKnownFileType = sourcecode.cpp.h; path = SRPXX.hpp; sourceTree = "<group>"; };
		05818DCB2CDFD40300001415 /* BigNum.cpp */ = {isa = PBXFileReference; lastKnownFileType = sourcecode.cpp.cpp; path = BigNum.cpp; sourceTree = "<group>"; };
		05818DCC2CDFD40300001415 /* Integer.cpp */ = {isa = PBXFileReference; lastKnownFileType = sourcecode.cpp.cpp; path = Integer.cpp; sourceTree = "<group>"; };
		05818DCD2CDFD40300001415 /* PBKDF2.cpp */ = {isa = PBXFileReference; lastKnownFileType = sourcecode.cpp.cpp; path = PBKDF2.cpp; sourceTree = "<group>"; };
		05818DCE2CDFD40300001415 /* Platform.cpp */ = {isa = PBXFileReference; lastKnownFileType = sourcecode.cpp.cpp; path = Platform.cpp; sourceTree = "<group>"; };
		05818DCF2CDFD40300001415 /* Random.cpp */ = {isa = PBXFileReference; lastKnownFileType = sourcecode.cpp.cpp; path = Random.cpp; sourceTree = "<group>"; };
		05818DD02CDFD40300001415 /* SHA1.cpp */ = {isa = PBXFileReference; lastKnownFileType = sourcecode.cpp.cpp; path = SHA1.cpp; sourceTree = "<group>"; };
		05818DD12CDFD40300001415 /* SHA224.cpp */ = {isa = PBXFileReference; lastKnownFileType = sourcecode.cpp.cpp; path = SHA224.cpp; sourceTree = "<group>"; };
		05818DD22CDFD40300001415 /* SHA256.cpp */ = {isa = PBXFileReference; lastKnownFileType = sourcecode.cpp.cpp; path = SHA256.cpp; sourceTree = "<group>"; };
		05818DD32CDFD40300001415 /* SHA384.cpp */ = {isa = PBXFileReference; lastKnownFileType = sourcecode.cpp.cpp; path = SHA384.cpp; sourceTree = "<group>"; };
		05818DD42CDFD40300001415 /* SHA512.cpp */ = {isa = PBXFileReference; lastKnownFileType = sourcecode.cpp.cpp; path = SHA512.cpp; sourceTree = "<group>"; };
		05818DD52CDFD40300001415 /* String.cpp */ = {isa = PBXFileReference; lastKnownFileType = sourcecode.cpp.cpp; path = String.cpp; sourceTree = "<group>"; };
		05818DE22CDFD4EE00001415 /* Info.plist */ = {isa = PBXFileReference; lastKnownFileType = text.plist.xml; path = Info.plist; sourceTree = "<group>"; };
		05818DE42CDFD55500001415 /* XSTest.framework */ = {isa = PBXFileReference; explicitFileType = wrapper.framework; path = XSTest.framework; sourceTree = BUILT_PRODUCTS_DIR; };
		05818DE82CDFD62E00001415 /* Client.hpp */ = {isa = PBXFileReference; lastKnownFileType = sourcecode.cpp.h; path = Client.hpp; sourceTree = "<group>"; };
		05818DEF2CDFD65200001415 /* Server.hpp */ = {isa = PBXFileReference; lastKnownFileType = sourcecode.cpp.h; path = Server.hpp; sourceTree = "<group>"; };
		05818DF32CDFD85E00001415 /* HashAlgorithm.hpp */ = {isa = PBXFileReference; lastKnownFileType = sourcecode.cpp.h; path = HashAlgorithm.hpp; sourceTree = "<group>"; };
		0581C6922CE24C120024687F /* SRP.cpp */ = {isa = PBXFileReference; lastKnownFileType = sourcecode.cpp.cpp; path = SRP.cpp; sourceTree = "<group>"; };
		0581C6C32CE294C40024687F /* Constants.hpp */ = {isa = PBXFileReference; lastKnownFileType = sourcecode.cpp.h; path = Constants.hpp; sourceTree = "<group>"; };
		0581C6D42CE2A54A0024687F /* 001.txt */ = {isa = PBXFileReference; lastKnownFileType = text; path = 001.txt; sourceTree = "<group>"; };
		0581C6D52CE2A54A0024687F /* 002.txt */ = {isa = PBXFileReference; lastKnownFileType = text; path = 002.txt; sourceTree = "<group>"; };
		0581C6D62CE2A54A0024687F /* 003.txt */ = {isa = PBXFileReference; lastKnownFileType = text; path = 003.txt; sourceTree = "<group>"; };
		0581C6D72CE2A54A0024687F /* 004.txt */ = {isa = PBXFileReference; lastKnownFileType = text; path = 004.txt; sourceTree = "<group>"; };
		0581C6D82CE2A54A0024687F /* 005.txt */ = {isa = PBXFileReference; lastKnownFileType = text; path = 005.txt; sourceTree = "<group>"; };
		0581C6D92CE2A54A0024687F /* 006.txt */ = {isa = PBXFileReference; lastKnownFileType = text; path = 006.txt; sourceTree = "<group>"; };
		0581C6DA2CE2A54A0024687F /* 007.txt */ = {isa = PBXFileReference; lastKnownFileType = text; path = 007.txt; sourceTree = "<group>"; };
		0581C6DB2CE2A54A0024687F /* 008.txt */ = {isa = PBXFileReference; lastKnownFileType = text; path = 008.txt; sourceTree = "<group>"; };
		0581C6DC2CE2A54A0024687F /* 009.txt */ = {isa = PBXFileReference; lastKnownFileType = text; path = 009.txt; sourceTree = "<group>"; };
		0581C6DD2CE2A54A0024687F /* 010.txt */ = {isa = PBXFileReference; lastKnownFileType = text; path = 010.txt; sourceTree = "<group>"; };
		05ECBB642CE1FEF7007AF82F /* Base64.hpp */ = {isa = PBXFileReference; lastKnownFileType = sourcecode.cpp.h; path = Base64.hpp; sourceTree = "<group>"; };
		05ECBB662CE1FF07007AF82F /* Base64.cpp */ = {isa = PBXFileReference; lastKnownFileType = sourcecode.cpp.cpp; path = Base64.cpp; sourceTree = "<group>"; };
		05ECBB682CE1FF10007AF82F /* Base64.cpp */ = {isa = PBXFileReference; lastKnownFileType = sourcecode.cpp.cpp; path = Base64.cpp; sourceTree = "<group>"; };
/* End PBXFileReference section */

/* Begin PBXFrameworksBuildPhase section */
		056C58BC1B1898FF00C6214A /* Frameworks */ = {
			isa = PBXFrameworksBuildPhase;
			buildActionMask = 2147483647;
			files = (
				056BC7B21B2379D300B21D46 /* libSRPXX.a in Frameworks */,
				05818DE52CDFD55500001415 /* XSTest.framework in Frameworks */,
			);
			runOnlyForDeploymentPostprocessing = 0;
		};
		056C880F18C8B85F006260B3 /* Frameworks */ = {
			isa = PBXFrameworksBuildPhase;
			buildActionMask = 2147483647;
			files = (
			);
			runOnlyForDeploymentPostprocessing = 0;
		};
/* End PBXFrameworksBuildPhase section */

/* Begin PBXGroup section */
		0562319B2CE0F1CB00104F3B /* RFC */ = {
			isa = PBXGroup;
			children = (
				0562319C2CE0F1E500104F3B /* RFC-2945.txt */,
				0562319D2CE0F1E500104F3B /* RFC-5054.txt */,
			);
			path = RFC;
			sourceTree = "<group>";
		};
		056C87C518C8B0F8006260B3 = {
			isa = PBXGroup;
			children = (
				051F09651946EB70004B6E47 /* README.md */,
				05818D502CDFD2ED00001415 /* LICENSE */,
				05818D4F2CDFD2ED00001415 /* CODE_OF_CONDUCT.md */,
				0562319B2CE0F1CB00104F3B /* RFC */,
				05818DB32CDFD3F900001415 /* SRPXX */,
				05818DD62CDFD40300001415 /* SRPXX-Tests */,
				0544CC6922749F32004A2499 /* XSTest.xcodeproj */,
				05818D882CDFD32400001415 /* xcconfig */,
				05818DE32CDFD55500001415 /* Frameworks */,
				056C87CF18C8B0F8006260B3 /* Products */,
			);
			sourceTree = "<group>";
		};
		056C87CF18C8B0F8006260B3 /* Products */ = {
			isa = PBXGroup;
			children = (
				056C881218C8B85F006260B3 /* libSRPXX.a */,
				056C58BF1B1898FF00C6214A /* SRPXX-Tests.xctest */,
			);
			name = Products;
			sourceTree = "<group>";
		};
		05818D522CDFD32400001415 /* .github */ = {
			isa = PBXGroup;
			children = (
				05818D512CDFD32400001415 /* FUNDING.yml */,
			);
			path = .github;
			sourceTree = "<group>";
		};
		05818D562CDFD32400001415 /* Language */ = {
			isa = PBXGroup;
			children = (
				05818D532CDFD32400001415 /* C++.xcconfig */,
				05818D542CDFD32400001415 /* Modules.xcconfig */,
				05818D552CDFD32400001415 /* Objective-C.xcconfig */,
			);
			path = Language;
			sourceTree = "<group>";
		};
		05818D5B2CDFD32400001415 /* Warnings */ = {
			isa = PBXGroup;
			children = (
				05818D572CDFD32400001415 /* All-Languages.xcconfig */,
				05818D582CDFD32400001415 /* C++.xcconfig */,
				05818D592CDFD32400001415 /* Objective-C.xcconfig */,
				05818D5A2CDFD32400001415 /* Objective-C-ARC.xcconfig */,
			);
			path = Warnings;
			sourceTree = "<group>";
		};
		05818D632CDFD32400001415 /* Apple-LLVM */ = {
			isa = PBXGroup;
			children = (
				05818D562CDFD32400001415 /* Language */,
				05818D5B2CDFD32400001415 /* Warnings */,
				05818D5C2CDFD32400001415 /* Address-Sanitizer.xcconfig */,
				05818D5D2CDFD32400001415 /* Code-Generation.xcconfig */,
				05818D5E2CDFD32400001415 /* Language.xcconfig */,
				05818D5F2CDFD32400001415 /* Preprocessing.xcconfig */,
				05818D602CDFD32400001415 /* Undefined-Behavior-Sanitizer.xcconfig */,
				05818D612CDFD32400001415 /* Warning-Policies.xcconfig */,
				05818D622CDFD32400001415 /* Warnings.xcconfig */,
			);
			path = "Apple-LLVM";
			sourceTree = "<group>";
		};
		05818D692CDFD32400001415 /* Issues */ = {
			isa = PBXGroup;
			children = (
				05818D642CDFD32400001415 /* Analysis-Policy.xcconfig */,
				05818D652CDFD32400001415 /* Apple-APIs.xcconfig */,
				05818D662CDFD32400001415 /* Generic-Issues.xcconfig */,
				05818D672CDFD32400001415 /* Objective-C.xcconfig */,
				05818D682CDFD32400001415 /* Security.xcconfig */,
			);
			path = Issues;
			sourceTree = "<group>";
		};
		05818D6B2CDFD32400001415 /* Static-Analyzer */ = {
			isa = PBXGroup;
			children = (
				05818D692CDFD32400001415 /* Issues */,
				05818D6A2CDFD32400001415 /* Issues.xcconfig */,
			);
			path = "Static-Analyzer";
			sourceTree = "<group>";
		};
		05818D702CDFD32400001415 /* Swift-Compiler */ = {
			isa = PBXGroup;
			children = (
				05818D6C2CDFD32400001415 /* Code-Generation.xcconfig */,
				05818D6D2CDFD32400001415 /* General.xcconfig */,
				05818D6E2CDFD32400001415 /* Language.xcconfig */,
				05818D6F2CDFD32400001415 /* Warnings-Policies.xcconfig */,
			);
			path = "Swift-Compiler";
			sourceTree = "<group>";
		};
		05818D792CDFD32400001415 /* Common */ = {
			isa = PBXGroup;
			children = (
				05818D632CDFD32400001415 /* Apple-LLVM */,
				05818D6B2CDFD32400001415 /* Static-Analyzer */,
				05818D702CDFD32400001415 /* Swift-Compiler */,
				05818D712CDFD32400001415 /* Apple-LLVM.xcconfig */,
				05818D722CDFD32400001415 /* Architectures.xcconfig */,
				05818D732CDFD32400001415 /* Build-Options.xcconfig */,
				05818D742CDFD32400001415 /* Deployment.xcconfig */,
				05818D752CDFD32400001415 /* Search-Paths.xcconfig */,
				05818D762CDFD32400001415 /* Signing.xcconfig */,
				05818D772CDFD32400001415 /* Static-Analyzer.xcconfig */,
				05818D782CDFD32400001415 /* Swift-Compiler.xcconfig */,
			);
			path = Common;
			sourceTree = "<group>";
		};
		05818D7C2CDFD32400001415 /* Scripts */ = {
			isa = PBXGroup;
			children = (
				05818D7A2CDFD32400001415 /* ccache.sh */,
				05818D7B2CDFD32400001415 /* ccache-config.sh */,
			);
			path = Scripts;
			sourceTree = "<group>";
		};
		05818D882CDFD32400001415 /* xcconfig */ = {
			isa = PBXGroup;
			children = (
				05818D522CDFD32400001415 /* .github */,
				05818D792CDFD32400001415 /* Common */,
				05818D7C2CDFD32400001415 /* Scripts */,
				05818D7D2CDFD32400001415 /* .gitignore */,
				05818D7E2CDFD32400001415 /* CODE_OF_CONDUCT.md */,
				05818D7F2CDFD32400001415 /* Common.xcconfig */,
				05818D802CDFD32400001415 /* Debug.xcconfig */,
				05818D812CDFD32400001415 /* Debug - ccache.xcconfig */,
				05818D822CDFD32400001415 /* Debug - Library.xcconfig */,
				05818D832CDFD32400001415 /* Debug - zld.xcconfig */,
				05818D842CDFD32400001415 /* README.md */,
				05818D852CDFD32400001415 /* Release.xcconfig */,
				05818D862CDFD32400001415 /* Release - ccache.xcconfig */,
				05818D872CDFD32400001415 /* Release - Library.xcconfig */,
			);
			name = xcconfig;
			path = Submodules/xcconfig;
			sourceTree = "<group>";
		};
		05818DA52CDFD3F900001415 /* SRPXX */ = {
			isa = PBXGroup;
			children = (
				056231402CDFDB7D00104F3B /* Base.hpp */,
				05ECBB642CE1FEF7007AF82F /* Base64.hpp */,
				05818D992CDFD3F900001415 /* BigNum.hpp */,
				05818DE82CDFD62E00001415 /* Client.hpp */,
				05818DF32CDFD85E00001415 /* HashAlgorithm.hpp */,
				05818D9A2CDFD3F900001415 /* Hasher.hpp */,
				05818D9B2CDFD3F900001415 /* Integer.hpp */,
				05818D9C2CDFD3F900001415 /* PBKDF2.hpp */,
				05818D9D2CDFD3F900001415 /* Platform.hpp */,
				05818D9E2CDFD3F900001415 /* Random.hpp */,
				05818DEF2CDFD65200001415 /* Server.hpp */,
				05818D9F2CDFD3F900001415 /* SHA1.hpp */,
				05818DA02CDFD3F900001415 /* SHA224.hpp */,
				05818DA12CDFD3F900001415 /* SHA256.hpp */,
				05818DA22CDFD3F900001415 /* SHA384.hpp */,
				05818DA32CDFD3F900001415 /* SHA512.hpp */,
				05818DA42CDFD3F900001415 /* String.hpp */,
			);
			path = SRPXX;
			sourceTree = "<group>";
		};
		05818DA72CDFD3F900001415 /* include */ = {
			isa = PBXGroup;
			children = (
				05818DA52CDFD3F900001415 /* SRPXX */,
				05818DA62CDFD3F900001415 /* SRPXX.hpp */,
			);
			path = include;
			sourceTree = "<group>";
		};
		05818DB22CDFD3F900001415 /* source */ = {
			isa = PBXGroup;
			children = (
				056231482CDFE15800104F3B /* Base.cpp */,
				05ECBB662CE1FF07007AF82F /* Base64.cpp */,
				056231492CDFE15800104F3B /* BigNum.cpp */,
				0562314A2CDFE15800104F3B /* Client.cpp */,
				0562314B2CDFE15800104F3B /* PBKDF2.cpp */,
				0562314C2CDFE15800104F3B /* Platform.cpp */,
				0562314D2CDFE15800104F3B /* Random.cpp */,
				0562314E2CDFE15800104F3B /* Server.cpp */,
				0562314F2CDFE15800104F3B /* SHA1.cpp */,
				056231502CDFE15800104F3B /* SHA224.cpp */,
				056231512CDFE15800104F3B /* SHA256.cpp */,
				056231522CDFE15800104F3B /* SHA384.cpp */,
				056231532CDFE15800104F3B /* SHA512.cpp */,
				056231542CDFE15800104F3B /* String.cpp */,
			);
			path = source;
			sourceTree = "<group>";
		};
		05818DB32CDFD3F900001415 /* SRPXX */ = {
			isa = PBXGroup;
			children = (
				05818DA72CDFD3F900001415 /* include */,
				05818DB22CDFD3F900001415 /* source */,
			);
			path = SRPXX;
			sourceTree = "<group>";
		};
		05818DD62CDFD40300001415 /* SRPXX-Tests */ = {
			isa = PBXGroup;
			children = (
				05818DE22CDFD4EE00001415 /* Info.plist */,
				056231622CDFE4B900104F3B /* Base.cpp */,
				05ECBB682CE1FF10007AF82F /* Base64.cpp */,
				05818DCB2CDFD40300001415 /* BigNum.cpp */,
				0562317A2CE0A2E700104F3B /* Client.cpp */,
				0581C6C32CE294C40024687F /* Constants.hpp */,
				056231982CE0B57400104F3B /* Constants.cpp */,
				05818DCC2CDFD40300001415 /* Integer.cpp */,
				05818DCD2CDFD40300001415 /* PBKDF2.cpp */,
				05818DCE2CDFD40300001415 /* Platform.cpp */,
				05818DCF2CDFD40300001415 /* Random.cpp */,
				0562319E2CE1325F00104F3B /* Server.cpp */,
				05818DD02CDFD40300001415 /* SHA1.cpp */,
				05818DD12CDFD40300001415 /* SHA224.cpp */,
				05818DD22CDFD40300001415 /* SHA256.cpp */,
				05818DD32CDFD40300001415 /* SHA384.cpp */,
				05818DD42CDFD40300001415 /* SHA512.cpp */,
				0581C6922CE24C120024687F /* SRP.cpp */,
				05818DD52CDFD40300001415 /* String.cpp */,
				0581C6DE2CE2A54A0024687F /* Constants */,
			);
			path = "SRPXX-Tests";
			sourceTree = "<group>";
		};
		05818DE32CDFD55500001415 /* Frameworks */ = {
			isa = PBXGroup;
			children = (
				05818DE42CDFD55500001415 /* XSTest.framework */,
			);
			name = Frameworks;
			sourceTree = "<group>";
		};
		05818DEA2CDFD63800001415 /* Products */ = {
			isa = PBXGroup;
			children = (
				05818DEE2CDFD63800001415 /* XSTest.framework */,
			);
			name = Products;
			sourceTree = "<group>";
		};
		0581C6DE2CE2A54A0024687F /* Constants */ = {
			isa = PBXGroup;
			children = (
				0581C6D42CE2A54A0024687F /* 001.txt */,
				0581C6D52CE2A54A0024687F /* 002.txt */,
				0581C6D62CE2A54A0024687F /* 003.txt */,
				0581C6D72CE2A54A0024687F /* 004.txt */,
				0581C6D82CE2A54A0024687F /* 005.txt */,
				0581C6D92CE2A54A0024687F /* 006.txt */,
				0581C6DA2CE2A54A0024687F /* 007.txt */,
				0581C6DB2CE2A54A0024687F /* 008.txt */,
				0581C6DC2CE2A54A0024687F /* 009.txt */,
				0581C6DD2CE2A54A0024687F /* 010.txt */,
			);
			path = Constants;
			sourceTree = "<group>";
		};
/* End PBXGroup section */

/* Begin PBXHeadersBuildPhase section */
		056C881018C8B85F006260B3 /* Headers */ = {
			isa = PBXHeadersBuildPhase;
			buildActionMask = 2147483647;
			files = (
				05818DBE2CDFD3F900001415 /* Platform.hpp in Headers */,
				056231412CDFDB8100104F3B /* Base.hpp in Headers */,
				05818DBF2CDFD3F900001415 /* SHA384.hpp in Headers */,
				05818DF42CDFD86A00001415 /* HashAlgorithm.hpp in Headers */,
				05818DF02CDFD65500001415 /* Server.hpp in Headers */,
				05818DC02CDFD3F900001415 /* Integer.hpp in Headers */,
				05818DC12CDFD3F900001415 /* SHA1.hpp in Headers */,
				05818DC22CDFD3F900001415 /* SHA512.hpp in Headers */,
				05818DC32CDFD3F900001415 /* Hasher.hpp in Headers */,
				05818DC42CDFD3F900001415 /* SRPXX.hpp in Headers */,
				05818DC52CDFD3F900001415 /* SHA256.hpp in Headers */,
				05818DC62CDFD3F900001415 /* BigNum.hpp in Headers */,
				05818DE92CDFD63300001415 /* Client.hpp in Headers */,
				05ECBB652CE1FEFB007AF82F /* Base64.hpp in Headers */,
				05818DC72CDFD3F900001415 /* SHA224.hpp in Headers */,
				05818DC82CDFD3F900001415 /* PBKDF2.hpp in Headers */,
				05818DC92CDFD3F900001415 /* Random.hpp in Headers */,
				05818DCA2CDFD3F900001415 /* String.hpp in Headers */,
			);
			runOnlyForDeploymentPostprocessing = 0;
		};
/* End PBXHeadersBuildPhase section */

/* Begin PBXNativeTarget section */
		056C58BE1B1898FF00C6214A /* SRPXX-Tests */ = {
			isa = PBXNativeTarget;
			buildConfigurationList = 056C58C81B1898FF00C6214A /* Build configuration list for PBXNativeTarget "SRPXX-Tests" */;
			buildPhases = (
				056C58BB1B1898FF00C6214A /* Sources */,
				056C58BC1B1898FF00C6214A /* Frameworks */,
				056C58BD1B1898FF00C6214A /* Resources */,
			);
			buildRules = (
			);
			dependencies = (
				056C58C71B1898FF00C6214A /* PBXTargetDependency */,
			);
			name = "SRPXX-Tests";
			productName = "CF++ Tests";
			productReference = 056C58BF1B1898FF00C6214A /* SRPXX-Tests.xctest */;
			productType = "com.apple.product-type.bundle.unit-test";
		};
		056C881118C8B85F006260B3 /* SRPXX */ = {
			isa = PBXNativeTarget;
			buildConfigurationList = 056C881318C8B85F006260B3 /* Build configuration list for PBXNativeTarget "SRPXX" */;
			buildPhases = (
				056C880E18C8B85F006260B3 /* Sources */,
				056C880F18C8B85F006260B3 /* Frameworks */,
				056C881018C8B85F006260B3 /* Headers */,
			);
			buildRules = (
			);
			dependencies = (
			);
			name = SRPXX;
			productName = "CF++";
			productReference = 056C881218C8B85F006260B3 /* libSRPXX.a */;
			productType = "com.apple.product-type.library.static";
		};
/* End PBXNativeTarget section */

/* Begin PBXProject section */
		056C87C618C8B0F8006260B3 /* Project object */ = {
			isa = PBXProject;
			attributes = {
				BuildIndependentTargetsInParallel = YES;
				LastUpgradeCheck = 1610;
				ORGANIZATIONNAME = "XS-Labs";
				TargetAttributes = {
					056C58BE1B1898FF00C6214A = {
						CreatedOnToolsVersion = 6.4;
						DevelopmentTeam = 326Y53CJMD;
						ProvisioningStyle = Automatic;
					};
					056C881118C8B85F006260B3 = {
						DevelopmentTeam = 326Y53CJMD;
						LastSwiftMigration = 1610;
						ProvisioningStyle = Automatic;
					};
				};
			};
			buildConfigurationList = 056C87C918C8B0F8006260B3 /* Build configuration list for PBXProject "SRPXX" */;
			compatibilityVersion = "Xcode 3.2";
			developmentRegion = en;
			hasScannedForEncodings = 0;
			knownRegions = (
				en,
				Base,
			);
			mainGroup = 056C87C518C8B0F8006260B3;
			productRefGroup = 056C87CF18C8B0F8006260B3 /* Products */;
			projectDirPath = "";
			projectReferences = (
				{
					ProductGroup = 05818DEA2CDFD63800001415 /* Products */;
					ProjectRef = 0544CC6922749F32004A2499 /* XSTest.xcodeproj */;
				},
			);
			projectRoot = "";
			targets = (
				056C881118C8B85F006260B3 /* SRPXX */,
				056C58BE1B1898FF00C6214A /* SRPXX-Tests */,
			);
		};
/* End PBXProject section */

/* Begin PBXReferenceProxy section */
		05818DEE2CDFD63800001415 /* XSTest.framework */ = {
			isa = PBXReferenceProxy;
			fileType = wrapper.framework;
			path = XSTest.framework;
			remoteRef = 05818DED2CDFD63800001415 /* PBXContainerItemProxy */;
			sourceTree = BUILT_PRODUCTS_DIR;
		};
/* End PBXReferenceProxy section */

/* Begin PBXResourcesBuildPhase section */
		056C58BD1B1898FF00C6214A /* Resources */ = {
			isa = PBXResourcesBuildPhase;
			buildActionMask = 2147483647;
			files = (
			);
			runOnlyForDeploymentPostprocessing = 0;
		};
/* End PBXResourcesBuildPhase section */

/* Begin PBXSourcesBuildPhase section */
		056C58BB1B1898FF00C6214A /* Sources */ = {
			isa = PBXSourcesBuildPhase;
			buildActionMask = 2147483647;
			files = (
				056231632CDFE4BC00104F3B /* Base.cpp in Sources */,
				0581C6C72CE296C70024687F /* Constants.cpp in Sources */,
				05818DD72CDFD40300001415 /* Platform.cpp in Sources */,
				0562319F2CE1326300104F3B /* Server.cpp in Sources */,
				05818DD82CDFD40300001415 /* SHA512.cpp in Sources */,
				05818DD92CDFD40300001415 /* SHA384.cpp in Sources */,
				05818DDA2CDFD40300001415 /* Random.cpp in Sources */,
				05818DDB2CDFD40300001415 /* SHA1.cpp in Sources */,
				0581C6C42CE294CA0024687F /* Constants.hpp in Sources */,
				05818DDC2CDFD40300001415 /* Integer.cpp in Sources */,
				05818DDD2CDFD40300001415 /* BigNum.cpp in Sources */,
				05818DDE2CDFD40300001415 /* SHA224.cpp in Sources */,
				05818DDF2CDFD40300001415 /* SHA256.cpp in Sources */,
				05818DE02CDFD40300001415 /* String.cpp in Sources */,
				05ECBB692CE1FF12007AF82F /* Base64.cpp in Sources */,
				0581C6932CE24C150024687F /* SRP.cpp in Sources */,
				05818DE12CDFD40300001415 /* PBKDF2.cpp in Sources */,
				0562317B2CE0A2EB00104F3B /* Client.cpp in Sources */,
			);
			runOnlyForDeploymentPostprocessing = 0;
		};
		056C880E18C8B85F006260B3 /* Sources */ = {
			isa = PBXSourcesBuildPhase;
			buildActionMask = 2147483647;
			files = (
				056231552CDFE15800104F3B /* PBKDF2.cpp in Sources */,
				056231562CDFE15800104F3B /* Random.cpp in Sources */,
				056231572CDFE15800104F3B /* Client.cpp in Sources */,
				056231582CDFE15800104F3B /* Server.cpp in Sources */,
				056231592CDFE15800104F3B /* Platform.cpp in Sources */,
				0562315A2CDFE15800104F3B /* SHA224.cpp in Sources */,
				0562315B2CDFE15800104F3B /* Base.cpp in Sources */,
				0562315C2CDFE15800104F3B /* SHA1.cpp in Sources */,
				0562315D2CDFE15800104F3B /* SHA384.cpp in Sources */,
				0562315E2CDFE15800104F3B /* String.cpp in Sources */,
				0562315F2CDFE15800104F3B /* SHA256.cpp in Sources */,
				056231602CDFE15800104F3B /* SHA512.cpp in Sources */,
				05ECBB672CE1FF0C007AF82F /* Base64.cpp in Sources */,
				056231612CDFE15800104F3B /* BigNum.cpp in Sources */,
			);
			runOnlyForDeploymentPostprocessing = 0;
		};
/* End PBXSourcesBuildPhase section */

/* Begin PBXTargetDependency section */
		056C58C71B1898FF00C6214A /* PBXTargetDependency */ = {
			isa = PBXTargetDependency;
			target = 056C881118C8B85F006260B3 /* SRPXX */;
			targetProxy = 056C58C61B1898FF00C6214A /* PBXContainerItemProxy */;
		};
/* End PBXTargetDependency section */

/* Begin XCBuildConfiguration section */
		056C58C91B1898FF00C6214A /* Debug */ = {
			isa = XCBuildConfiguration;
			buildSettings = {
				FRAMEWORK_SEARCH_PATHS = (
					"$(DEVELOPER_FRAMEWORKS_DIR)",
					"$(inherited)",
				);
				HEADER_SEARCH_PATHS = (
					"$(inherited)",
					Submodules/XSTest/XSTest/include,
				);
				INFOPLIST_FILE = "SRPXX-Tests/Info.plist";
				LD_RUNPATH_SEARCH_PATHS = (
					"$(inherited)",
					"@executable_path/../Frameworks",
					"@loader_path/../Frameworks",
				);
				LIBRARY_SEARCH_PATHS = (
					"$(inherited)",
					Submodules/BoringSSL/lib/macOS/,
				);
				OTHER_LDFLAGS = (
					"$(inherited)",
					"-lcrypto",
					"-lssl",
					"-ldecrepit",
				);
				PRODUCT_BUNDLE_IDENTIFIER = "com.xs-labs.$(PRODUCT_NAME:rfc1034identifier)";
				PRODUCT_NAME = "$(TARGET_NAME)";
			};
			name = Debug;
		};
		056C58CA1B1898FF00C6214A /* Release */ = {
			isa = XCBuildConfiguration;
			buildSettings = {
				FRAMEWORK_SEARCH_PATHS = (
					"$(DEVELOPER_FRAMEWORKS_DIR)",
					"$(inherited)",
				);
				HEADER_SEARCH_PATHS = (
					"$(inherited)",
					Submodules/XSTest/XSTest/include,
				);
				INFOPLIST_FILE = "SRPXX-Tests/Info.plist";
				LD_RUNPATH_SEARCH_PATHS = (
					"$(inherited)",
					"@executable_path/../Frameworks",
					"@loader_path/../Frameworks",
				);
				LIBRARY_SEARCH_PATHS = (
					"$(inherited)",
					Submodules/BoringSSL/lib/macOS/,
				);
				OTHER_LDFLAGS = (
					"$(inherited)",
					"-lcrypto",
					"-lssl",
					"-ldecrepit",
				);
				PRODUCT_BUNDLE_IDENTIFIER = "com.xs-labs.$(PRODUCT_NAME:rfc1034identifier)";
				PRODUCT_NAME = "$(TARGET_NAME)";
			};
			name = Release;
		};
		056C87D518C8B0F8006260B3 /* Debug */ = {
			isa = XCBuildConfiguration;
			baseConfigurationReference = 05818D802CDFD32400001415 /* Debug.xcconfig */;
			buildSettings = {
				HEADER_SEARCH_PATHS = (
					"$(inherited)",
					SRPXX/include/,
				);
				MACOSX_DEPLOYMENT_TARGET = 10.11;
			};
			name = Debug;
		};
		056C87D618C8B0F8006260B3 /* Release */ = {
			isa = XCBuildConfiguration;
			baseConfigurationReference = 05818D852CDFD32400001415 /* Release.xcconfig */;
			buildSettings = {
				HEADER_SEARCH_PATHS = (
					"$(inherited)",
					SRPXX/include/,
				);
				MACOSX_DEPLOYMENT_TARGET = 10.11;
			};
			name = Release;
		};
		056C881418C8B85F006260B3 /* Debug */ = {
			isa = XCBuildConfiguration;
			buildSettings = {
				CLANG_ENABLE_MODULES = YES;
				EXECUTABLE_PREFIX = lib;
				HEADER_SEARCH_PATHS = (
					"$(inherited)",
					Submodules/BoringSSL/include,
				);
				PRODUCT_NAME = "$(TARGET_NAME)";
				SKIP_INSTALL = YES;
				SWIFT_OPTIMIZATION_LEVEL = "-Onone";
				SWIFT_VERSION = 6.0;
			};
			name = Debug;
		};
		056C881518C8B85F006260B3 /* Release */ = {
			isa = XCBuildConfiguration;
			buildSettings = {
				CLANG_ENABLE_MODULES = YES;
				EXECUTABLE_PREFIX = lib;
				HEADER_SEARCH_PATHS = (
					"$(inherited)",
					Submodules/BoringSSL/include,
				);
				PRODUCT_NAME = "$(TARGET_NAME)";
				SKIP_INSTALL = YES;
				SWIFT_VERSION = 6.0;
			};
			name = Release;
		};
/* End XCBuildConfiguration section */

/* Begin XCConfigurationList section */
		056C58C81B1898FF00C6214A /* Build configuration list for PBXNativeTarget "SRPXX-Tests" */ = {
			isa = XCConfigurationList;
			buildConfigurations = (
				056C58C91B1898FF00C6214A /* Debug */,
				056C58CA1B1898FF00C6214A /* Release */,
			);
			defaultConfigurationIsVisible = 0;
			defaultConfigurationName = Release;
		};
		056C87C918C8B0F8006260B3 /* Build configuration list for PBXProject "SRPXX" */ = {
			isa = XCConfigurationList;
			buildConfigurations = (
				056C87D518C8B0F8006260B3 /* Debug */,
				056C87D618C8B0F8006260B3 /* Release */,
			);
			defaultConfigurationIsVisible = 0;
			defaultConfigurationName = Release;
		};
		056C881318C8B85F006260B3 /* Build configuration list for PBXNativeTarget "SRPXX" */ = {
			isa = XCConfigurationList;
			buildConfigurations = (
				056C881418C8B85F006260B3 /* Debug */,
				056C881518C8B85F006260B3 /* Release */,
			);
			defaultConfigurationIsVisible = 0;
			defaultConfigurationName = Release;
		};
/* End XCConfigurationList section */
	};
	rootObject = 056C87C618C8B0F8006260B3 /* Project object */;
}
